
Microsoft Visual Studio Solution File, Format Version 12.00
# Visual Studio 2013
VisualStudioVersion = 12.0.31101.0
MinimumVisualStudioVersion = 10.0.40219.1
Project("{2150E333-8FDC-42A3-9474-1A3956D46DE8}") = "Application", "Application", "{A00A575E-18FD-44F6-888F-ACF6B7064104}"
EndProject
Project("{2150E333-8FDC-42A3-9474-1A3956D46DE8}") = "Business", "Business", "{3A3BBD5D-6E52-4489-AA4A-6C93FDE0FB34}"
EndProject
Project("{2150E333-8FDC-42A3-9474-1A3956D46DE8}") = "DataAccess", "DataAccess", "{0CCF1B43-80E4-44C4-A773-44169295377E}"
EndProject
Project("{2150E333-8FDC-42A3-9474-1A3956D46DE8}") = "Common", "Common", "{6BA1AEE0-3FAD-4D06-84FC-BF803C2020E0}"
EndProject
Project("{2150E333-8FDC-42A3-9474-1A3956D46DE8}") = "Repositories", "Repositories", "{848EDC4A-4406-43BF-A039-3628C31A4AD1}"
EndProject
Project("{FAE04EC0-301F-11D3-BF4B-00C04F79EFBC}") = "AddressImporter.DataUploader", "AddressImporter.DataUploader\AddressImporter.DataUploader.csproj", "{3ECC9CC7-95A5-4E68-9CA6-B50FD4568C73}"
EndProject
Project("{FAE04EC0-301F-11D3-BF4B-00C04F79EFBC}") = "AddressImporter.Common", "AddressImporter.Common\AddressImporter.Common.csproj", "{BDA0F2A8-78AD-42D1-A173-5C8104883D2A}"
EndProject
Project("{FAE04EC0-301F-11D3-BF4B-00C04F79EFBC}") = "AddressImporter.Entities", "AddressImporter.Entities\AddressImporter.Entities.csproj", "{BAEB421D-EC2A-403E-859E-1C6A481487CD}"
EndProject
Project("{FAE04EC0-301F-11D3-BF4B-00C04F79EFBC}") = "AddressImporter.Data.Coordinates", "AddressImporter.Data.Coordinates\AddressImporter.Data.Coordinates.csproj", "{E114B33B-FCAE-4968-871B-72093AE5DA95}"
EndProject
Project("{FAE04EC0-301F-11D3-BF4B-00C04F79EFBC}") = "AddressImporter.Data", "AddressImporter.Data\AddressImporter.Data.csproj", "{70040FFE-8886-4A69-83DC-A5AE28327244}"
EndProject
Project("{2150E333-8FDC-42A3-9474-1A3956D46DE8}") = "Infrastructure", "Infrastructure", "{3FE0FA99-0B06-4EE3-9AF1-E82FF86ABD20}"
EndProject
Project("{FAE04EC0-301F-11D3-BF4B-00C04F79EFBC}") = "Caching", "Caching\Caching.csproj", "{8BEC1DF2-01D0-45B3-AA02-6526EBADD521}"
EndProject
Project("{FAE04EC0-301F-11D3-BF4B-00C04F79EFBC}") = "AddressImporter.AddressService", "AddressImporter.AddressServices\AddressImporter.AddressService.csproj", "{4CD91A53-D30D-422C-877D-430A02014873}"
EndProject
Project("{FAE04EC0-301F-11D3-BF4B-00C04F79EFBC}") = "AddressImporter.MainApplication", "AddressImporter.MainApplication\AddressImporter.MainApplication.csproj", "{32BE7D00-1417-437C-94B9-E621F92313A8}"
EndProject
Project("{FAE04EC0-301F-11D3-BF4B-00C04F79EFBC}") = "AddressImporter.Services", "AddressImporter.Services\AddressImporter.Services.csproj", "{5DFA1167-F6A3-411F-99B0-40364B7B65C1}"
EndProject
Project("{2150E333-8FDC-42A3-9474-1A3956D46DE8}") = "Tests", "Tests", "{37386B5E-C1E6-4382-8197-30BB792EB902}"
EndProject
Project("{2150E333-8FDC-42A3-9474-1A3956D46DE8}") = "UnitTests", "UnitTests", "{55E04598-B865-4C97-B470-AEBBAD685264}"
EndProject
Project("{FAE04EC0-301F-11D3-BF4B-00C04F79EFBC}") = "AddressImporter.Data.Tests", "AddressImporter.Data.Tests\AddressImporter.Data.Tests.csproj", "{6784A08E-FFE9-4A03-97E6-32DFC1E7432D}"
EndProject
Project("{FAE04EC0-301F-11D3-BF4B-00C04F79EFBC}") = "AddressImporter.AddressService.Tests", "AddressImporter.AddressService.Tests\AddressImporter.AddressService.Tests.csproj", "{397B0BAA-280D-4E7F-A749-18CE7DB92FB4}"
EndProject
Project("{FAE04EC0-301F-11D3-BF4B-00C04F79EFBC}") = "AddressImporter.Common.Tests", "AddressImporter.Common.Tests\AddressImporter.Common.Tests.csproj", "{05254A13-42B1-463F-AAF8-568B8B0E2AF0}"
EndProject
Global
	GlobalSection(SolutionConfigurationPlatforms) = preSolution
		Debug|Any CPU = Debug|Any CPU
		Release|Any CPU = Release|Any CPU
	EndGlobalSection
	GlobalSection(ProjectConfigurationPlatforms) = postSolution
		{3ECC9CC7-95A5-4E68-9CA6-B50FD4568C73}.Debug|Any CPU.ActiveCfg = Debug|Any CPU
		{3ECC9CC7-95A5-4E68-9CA6-B50FD4568C73}.Debug|Any CPU.Build.0 = Debug|Any CPU
		{3ECC9CC7-95A5-4E68-9CA6-B50FD4568C73}.Release|Any CPU.ActiveCfg = Release|Any CPU
		{3ECC9CC7-95A5-4E68-9CA6-B50FD4568C73}.Release|Any CPU.Build.0 = Release|Any CPU
		{BDA0F2A8-78AD-42D1-A173-5C8104883D2A}.Debug|Any CPU.ActiveCfg = Debug|Any CPU
		{BDA0F2A8-78AD-42D1-A173-5C8104883D2A}.Debug|Any CPU.Build.0 = Debug|Any CPU
		{BDA0F2A8-78AD-42D1-A173-5C8104883D2A}.Release|Any CPU.ActiveCfg = Release|Any CPU
		{BDA0F2A8-78AD-42D1-A173-5C8104883D2A}.Release|Any CPU.Build.0 = Release|Any CPU
		{BAEB421D-EC2A-403E-859E-1C6A481487CD}.Debug|Any CPU.ActiveCfg = Debug|Any CPU
		{BAEB421D-EC2A-403E-859E-1C6A481487CD}.Debug|Any CPU.Build.0 = Debug|Any CPU
		{BAEB421D-EC2A-403E-859E-1C6A481487CD}.Release|Any CPU.ActiveCfg = Release|Any CPU
		{BAEB421D-EC2A-403E-859E-1C6A481487CD}.Release|Any CPU.Build.0 = Release|Any CPU
		{E114B33B-FCAE-4968-871B-72093AE5DA95}.Debug|Any CPU.ActiveCfg = Debug|Any CPU
		{E114B33B-FCAE-4968-871B-72093AE5DA95}.Debug|Any CPU.Build.0 = Debug|Any CPU
		{E114B33B-FCAE-4968-871B-72093AE5DA95}.Release|Any CPU.ActiveCfg = Release|Any CPU
		{E114B33B-FCAE-4968-871B-72093AE5DA95}.Release|Any CPU.Build.0 = Release|Any CPU
		{70040FFE-8886-4A69-83DC-A5AE28327244}.Debug|Any CPU.ActiveCfg = Debug|Any CPU
		{70040FFE-8886-4A69-83DC-A5AE28327244}.Debug|Any CPU.Build.0 = Debug|Any CPU
		{70040FFE-8886-4A69-83DC-A5AE28327244}.Release|Any CPU.ActiveCfg = Release|Any CPU
		{70040FFE-8886-4A69-83DC-A5AE28327244}.Release|Any CPU.Build.0 = Release|Any CPU
		{8BEC1DF2-01D0-45B3-AA02-6526EBADD521}.Debug|Any CPU.ActiveCfg = Debug|Any CPU
		{8BEC1DF2-01D0-45B3-AA02-6526EBADD521}.Debug|Any CPU.Build.0 = Debug|Any CPU
		{8BEC1DF2-01D0-45B3-AA02-6526EBADD521}.Release|Any CPU.ActiveCfg = Release|Any CPU
		{8BEC1DF2-01D0-45B3-AA02-6526EBADD521}.Release|Any CPU.Build.0 = Release|Any CPU
		{4CD91A53-D30D-422C-877D-430A02014873}.Debug|Any CPU.ActiveCfg = Debug|Any CPU
		{4CD91A53-D30D-422C-877D-430A02014873}.Debug|Any CPU.Build.0 = Debug|Any CPU
		{4CD91A53-D30D-422C-877D-430A02014873}.Release|Any CPU.ActiveCfg = Release|Any CPU
		{4CD91A53-D30D-422C-877D-430A02014873}.Release|Any CPU.Build.0 = Release|Any CPU
		{32BE7D00-1417-437C-94B9-E621F92313A8}.Debug|Any CPU.ActiveCfg = Debug|Any CPU
		{32BE7D00-1417-437C-94B9-E621F92313A8}.Debug|Any CPU.Build.0 = Debug|Any CPU
		{32BE7D00-1417-437C-94B9-E621F92313A8}.Release|Any CPU.ActiveCfg = Release|Any CPU
		{32BE7D00-1417-437C-94B9-E621F92313A8}.Release|Any CPU.Build.0 = Release|Any CPU
		{5DFA1167-F6A3-411F-99B0-40364B7B65C1}.Debug|Any CPU.ActiveCfg = Debug|Any CPU
		{5DFA1167-F6A3-411F-99B0-40364B7B65C1}.Debug|Any CPU.Build.0 = Debug|Any CPU
		{5DFA1167-F6A3-411F-99B0-40364B7B65C1}.Release|Any CPU.ActiveCfg = Release|Any CPU
		{5DFA1167-F6A3-411F-99B0-40364B7B65C1}.Release|Any CPU.Build.0 = Release|Any CPU
		{6784A08E-FFE9-4A03-97E6-32DFC1E7432D}.Debug|Any CPU.ActiveCfg = Debug|Any CPU
		{6784A08E-FFE9-4A03-97E6-32DFC1E7432D}.Debug|Any CPU.Build.0 = Debug|Any CPU
		{6784A08E-FFE9-4A03-97E6-32DFC1E7432D}.Release|Any CPU.ActiveCfg = Release|Any CPU
		{6784A08E-FFE9-4A03-97E6-32DFC1E7432D}.Release|Any CPU.Build.0 = Release|Any CPU
		{397B0BAA-280D-4E7F-A749-18CE7DB92FB4}.Debug|Any CPU.ActiveCfg = Debug|Any CPU
		{397B0BAA-280D-4E7F-A749-18CE7DB92FB4}.Debug|Any CPU.Build.0 = Debug|Any CPU
		{397B0BAA-280D-4E7F-A749-18CE7DB92FB4}.Release|Any CPU.ActiveCfg = Release|Any CPU
		{397B0BAA-280D-4E7F-A749-18CE7DB92FB4}.Release|Any CPU.Build.0 = Release|Any CPU
		{05254A13-42B1-463F-AAF8-568B8B0E2AF0}.Debug|Any CPU.ActiveCfg = Debug|Any CPU
		{05254A13-42B1-463F-AAF8-568B8B0E2AF0}.Debug|Any CPU.Build.0 = Debug|Any CPU
		{05254A13-42B1-463F-AAF8-568B8B0E2AF0}.Release|Any CPU.ActiveCfg = Release|Any CPU
		{05254A13-42B1-463F-AAF8-568B8B0E2AF0}.Release|Any CPU.Build.0 = Release|Any CPU
	EndGlobalSection
	GlobalSection(SolutionProperties) = preSolution
		HideSolutionNode = FALSE
	EndGlobalSection
	GlobalSection(NestedProjects) = preSolution
		{848EDC4A-4406-43BF-A039-3628C31A4AD1} = {0CCF1B43-80E4-44C4-A773-44169295377E}
		{3ECC9CC7-95A5-4E68-9CA6-B50FD4568C73} = {A00A575E-18FD-44F6-888F-ACF6B7064104}
		{BDA0F2A8-78AD-42D1-A173-5C8104883D2A} = {6BA1AEE0-3FAD-4D06-84FC-BF803C2020E0}
		{BAEB421D-EC2A-403E-859E-1C6A481487CD} = {6BA1AEE0-3FAD-4D06-84FC-BF803C2020E0}
		{E114B33B-FCAE-4968-871B-72093AE5DA95} = {848EDC4A-4406-43BF-A039-3628C31A4AD1}
		{70040FFE-8886-4A69-83DC-A5AE28327244} = {848EDC4A-4406-43BF-A039-3628C31A4AD1}
		{8BEC1DF2-01D0-45B3-AA02-6526EBADD521} = {3FE0FA99-0B06-4EE3-9AF1-E82FF86ABD20}
		{4CD91A53-D30D-422C-877D-430A02014873} = {3A3BBD5D-6E52-4489-AA4A-6C93FDE0FB34}
		{32BE7D00-1417-437C-94B9-E621F92313A8} = {A00A575E-18FD-44F6-888F-ACF6B7064104}
		{5DFA1167-F6A3-411F-99B0-40364B7B65C1} = {A00A575E-18FD-44F6-888F-ACF6B7064104}
		{55E04598-B865-4C97-B470-AEBBAD685264} = {37386B5E-C1E6-4382-8197-30BB792EB902}
		{6784A08E-FFE9-4A03-97E6-32DFC1E7432D} = {55E04598-B865-4C97-B470-AEBBAD685264}
		{397B0BAA-280D-4E7F-A749-18CE7DB92FB4} = {55E04598-B865-4C97-B470-AEBBAD685264}
		{05254A13-42B1-463F-AAF8-568B8B0E2AF0} = {55E04598-B865-4C97-B470-AEBBAD685264}
	EndGlobalSection
EndGlobal
